// !$*UTF8*$!
{
	archiveVersion = 1;
	classes = {
	};
	objectVersion = 56;
	objects = {

/* Begin PBXBuildFile section */
		3927AA412C17258C00671DAD /* DataSource.swift in Sources */ = {isa = PBXBuildFile; fileRef = 3927AA372C17258C00671DAD /* DataSource.swift */; };
		3927AA422C17258C00671DAD /* RNDatePicker.mm in Sources */ = {isa = PBXBuildFile; fileRef = 3927AA392C17258C00671DAD /* RNDatePicker.mm */; };
		3927AA432C17258C00671DAD /* DatePicker+UIPickerViewDelegate.swift in Sources */ = {isa = PBXBuildFile; fileRef = 3927AA3B2C17258C00671DAD /* DatePicker+UIPickerViewDelegate.swift */; };
		3927AA442C17258C00671DAD /* DatePicker+UIPickerViewDataSource.swift in Sources */ = {isa = PBXBuildFile; fileRef = 3927AA3C2C17258C00671DAD /* DatePicker+UIPickerViewDataSource.swift */; };
		3927AA452C17258C00671DAD /* RNDatePickerManager.mm in Sources */ = {isa = PBXBuildFile; fileRef = 3927AA3D2C17258C00671DAD /* RNDatePickerManager.mm */; };
		3927AA462C17258C00671DAD /* DatePicker.swift in Sources */ = {isa = PBXBuildFile; fileRef = 3927AA3E2C17258C00671DAD /* DatePicker.swift */; };
		3927AA472C17258C00671DAD /* UIView+isScrolling.swift in Sources */ = {isa = PBXBuildFile; fileRef = 3927AA402C17258C00671DAD /* UIView+isScrolling.swift */; };
		3927AA4B2C17264600671DAD /* Array+subscript.swift in Sources */ = {isa = PBXBuildFile; fileRef = 3927AA4A2C17264600671DAD /* Array+subscript.swift */; };
		3927AA4D2C17276A00671DAD /* InfinityDataSource.swift in Sources */ = {isa = PBXBuildFile; fileRef = 3927AA4C2C17276A00671DAD /* InfinityDataSource.swift */; };
		3927AA562C17329200671DAD /* ComponentDataSource.swift in Sources */ = {isa = PBXBuildFile; fileRef = 3927AA552C17329200671DAD /* ComponentDataSource.swift */; };
		3927AA582C1732ED00671DAD /* ComponentInfinityDataSource.swift in Sources */ = {isa = PBXBuildFile; fileRef = 3927AA572C1732ED00671DAD /* ComponentInfinityDataSource.swift */; };
		3927AA5A2C17335200671DAD /* DataManager.swift in Sources */ = {isa = PBXBuildFile; fileRef = 3927AA592C17335200671DAD /* DataManager.swift */; };
		39975E572C17B81600B23594 /* DatePicker+DataManager.swift in Sources */ = {isa = PBXBuildFile; fileRef = 39975E562C17B81600B23594 /* DatePicker+DataManager.swift */; };
/* End PBXBuildFile section */

/* Begin PBXCopyFilesBuildPhase section */
		3927AA2A2C17255900671DAD /* CopyFiles */ = {
			isa = PBXCopyFilesBuildPhase;
			buildActionMask = 2147483647;
			dstPath = "include/$(PRODUCT_NAME)";
			dstSubfolderSpec = 16;
			files = (
			);
			runOnlyForDeploymentPostprocessing = 0;
		};
/* End PBXCopyFilesBuildPhase section */

/* Begin PBXFileReference section */
		3927AA2C2C17255900671DAD /* libFlipDatePicker.a */ = {isa = PBXFileReference; explicitFileType = archive.ar; includeInIndex = 0; path = libFlipDatePicker.a; sourceTree = BUILT_PRODUCTS_DIR; };
		3927AA362C17258B00671DAD /* FlipDatePicker-Bridging-Header.h */ = {isa = PBXFileReference; lastKnownFileType = sourcecode.c.h; path = "FlipDatePicker-Bridging-Header.h"; sourceTree = "<group>"; };
		3927AA372C17258C00671DAD /* DataSource.swift */ = {isa = PBXFileReference; fileEncoding = 4; lastKnownFileType = sourcecode.swift; path = DataSource.swift; sourceTree = "<group>"; };
		3927AA392C17258C00671DAD /* RNDatePicker.mm */ = {isa = PBXFileReference; fileEncoding = 4; lastKnownFileType = sourcecode.cpp.objcpp; path = RNDatePicker.mm; sourceTree = "<group>"; };
		3927AA3A2C17258C00671DAD /* RNDatePicker.h */ = {isa = PBXFileReference; fileEncoding = 4; lastKnownFileType = sourcecode.c.h; path = RNDatePicker.h; sourceTree = "<group>"; };
		3927AA3B2C17258C00671DAD /* DatePicker+UIPickerViewDelegate.swift */ = {isa = PBXFileReference; fileEncoding = 4; lastKnownFileType = sourcecode.swift; path = "DatePicker+UIPickerViewDelegate.swift"; sourceTree = "<group>"; };
		3927AA3C2C17258C00671DAD /* DatePicker+UIPickerViewDataSource.swift */ = {isa = PBXFileReference; fileEncoding = 4; lastKnownFileType = sourcecode.swift; path = "DatePicker+UIPickerViewDataSource.swift"; sourceTree = "<group>"; };
		3927AA3D2C17258C00671DAD /* RNDatePickerManager.mm */ = {isa = PBXFileReference; fileEncoding = 4; lastKnownFileType = sourcecode.cpp.objcpp; path = RNDatePickerManager.mm; sourceTree = "<group>"; };
		3927AA3E2C17258C00671DAD /* DatePicker.swift */ = {isa = PBXFileReference; fileEncoding = 4; lastKnownFileType = sourcecode.swift; path = DatePicker.swift; sourceTree = "<group>"; };
		3927AA3F2C17258C00671DAD /* RNDatePickerManager.h */ = {isa = PBXFileReference; fileEncoding = 4; lastKnownFileType = sourcecode.c.h; path = RNDatePickerManager.h; sourceTree = "<group>"; };
		3927AA402C17258C00671DAD /* UIView+isScrolling.swift */ = {isa = PBXFileReference; fileEncoding = 4; lastKnownFileType = sourcecode.swift; path = "UIView+isScrolling.swift"; sourceTree = "<group>"; };
		3927AA4A2C17264600671DAD /* Array+subscript.swift */ = {isa = PBXFileReference; lastKnownFileType = sourcecode.swift; path = "Array+subscript.swift"; sourceTree = "<group>"; };
		3927AA4C2C17276A00671DAD /* InfinityDataSource.swift */ = {isa = PBXFileReference; lastKnownFileType = sourcecode.swift; path = InfinityDataSource.swift; sourceTree = "<group>"; };
		3927AA552C17329200671DAD /* ComponentDataSource.swift */ = {isa = PBXFileReference; lastKnownFileType = sourcecode.swift; path = ComponentDataSource.swift; sourceTree = "<group>"; };
		3927AA572C1732ED00671DAD /* ComponentInfinityDataSource.swift */ = {isa = PBXFileReference; lastKnownFileType = sourcecode.swift; path = ComponentInfinityDataSource.swift; sourceTree = "<group>"; };
		3927AA592C17335200671DAD /* DataManager.swift */ = {isa = PBXFileReference; lastKnownFileType = sourcecode.swift; path = DataManager.swift; sourceTree = "<group>"; };
		39975E562C17B81600B23594 /* DatePicker+DataManager.swift */ = {isa = PBXFileReference; lastKnownFileType = sourcecode.swift; path = "DatePicker+DataManager.swift"; sourceTree = "<group>"; };
/* End PBXFileReference section */

/* Begin PBXFrameworksBuildPhase section */
		3927AA292C17255900671DAD /* Frameworks */ = {
			isa = PBXFrameworksBuildPhase;
			buildActionMask = 2147483647;
			files = (
			);
			runOnlyForDeploymentPostprocessing = 0;
		};
/* End PBXFrameworksBuildPhase section */

/* Begin PBXGroup section */
		3927AA232C17255900671DAD = {
			isa = PBXGroup;
			children = (
				3927AA492C17261000671DAD /* Utils */,
				3927AA482C1725E100671DAD /* DataSources */,
				3927AA592C17335200671DAD /* DataManager.swift */,
				3927AA3E2C17258C00671DAD /* DatePicker.swift */,
				39975E562C17B81600B23594 /* DatePicker+DataManager.swift */,
				3927AA3C2C17258C00671DAD /* DatePicker+UIPickerViewDataSource.swift */,
				3927AA3B2C17258C00671DAD /* DatePicker+UIPickerViewDelegate.swift */,
				3927AA3A2C17258C00671DAD /* RNDatePicker.h */,
				3927AA392C17258C00671DAD /* RNDatePicker.mm */,
				3927AA3F2C17258C00671DAD /* RNDatePickerManager.h */,
				3927AA3D2C17258C00671DAD /* RNDatePickerManager.mm */,
				3927AA2D2C17255900671DAD /* Products */,
				3927AA362C17258B00671DAD /* FlipDatePicker-Bridging-Header.h */,
			);
			sourceTree = "<group>";
		};
		3927AA2D2C17255900671DAD /* Products */ = {
			isa = PBXGroup;
			children = (
				3927AA2C2C17255900671DAD /* libFlipDatePicker.a */,
			);
			name = Products;
			sourceTree = "<group>";
		};
		3927AA482C1725E100671DAD /* DataSources */ = {
			isa = PBXGroup;
			children = (
				3927AA4E2C172A6200671DAD /* protocols */,
				3927AA552C17329200671DAD /* ComponentDataSource.swift */,
				3927AA572C1732ED00671DAD /* ComponentInfinityDataSource.swift */,
			);
			path = DataSources;
			sourceTree = "<group>";
		};
		3927AA492C17261000671DAD /* Utils */ = {
			isa = PBXGroup;
			children = (
				3927AA4A2C17264600671DAD /* Array+subscript.swift */,
				3927AA402C17258C00671DAD /* UIView+isScrolling.swift */,
			);
			path = Utils;
			sourceTree = "<group>";
		};
		3927AA4E2C172A6200671DAD /* protocols */ = {
			isa = PBXGroup;
			children = (
				3927AA4C2C17276A00671DAD /* InfinityDataSource.swift */,
				3927AA372C17258C00671DAD /* DataSource.swift */,
			);
			path = protocols;
			sourceTree = "<group>";
		};
/* End PBXGroup section */

/* Begin PBXNativeTarget section */
		3927AA2B2C17255900671DAD /* FlipDatePicker */ = {
			isa = PBXNativeTarget;
			buildConfigurationList = 3927AA332C17255900671DAD /* Build configuration list for PBXNativeTarget "FlipDatePicker" */;
			buildPhases = (
				3927AA282C17255900671DAD /* Sources */,
				3927AA292C17255900671DAD /* Frameworks */,
				3927AA2A2C17255900671DAD /* CopyFiles */,
			);
			buildRules = (
			);
			dependencies = (
			);
			name = FlipDatePicker;
			productName = FlipDatePicker;
			productReference = 3927AA2C2C17255900671DAD /* libFlipDatePicker.a */;
			productType = "com.apple.product-type.library.static";
		};
/* End PBXNativeTarget section */

/* Begin PBXProject section */
		3927AA242C17255900671DAD /* Project object */ = {
			isa = PBXProject;
			attributes = {
				BuildIndependentTargetsInParallel = 1;
				LastSwiftUpdateCheck = 1520;
				LastUpgradeCheck = 1520;
				TargetAttributes = {
					3927AA2B2C17255900671DAD = {
						CreatedOnToolsVersion = 15.2;
						LastSwiftMigration = 1520;
					};
				};
			};
			buildConfigurationList = 3927AA272C17255900671DAD /* Build configuration list for PBXProject "FlipDatePicker" */;
			compatibilityVersion = "Xcode 14.0";
			developmentRegion = en;
			hasScannedForEncodings = 0;
			knownRegions = (
				en,
				Base,
			);
			mainGroup = 3927AA232C17255900671DAD;
			productRefGroup = 3927AA2D2C17255900671DAD /* Products */;
			projectDirPath = "";
			projectRoot = "";
			targets = (
				3927AA2B2C17255900671DAD /* FlipDatePicker */,
			);
		};
/* End PBXProject section */

/* Begin PBXSourcesBuildPhase section */
		3927AA282C17255900671DAD /* Sources */ = {
			isa = PBXSourcesBuildPhase;
			buildActionMask = 2147483647;
			files = (
				3927AA4D2C17276A00671DAD /* InfinityDataSource.swift in Sources */,
				3927AA5A2C17335200671DAD /* DataManager.swift in Sources */,
				3927AA412C17258C00671DAD /* DataSource.swift in Sources */,
				3927AA4B2C17264600671DAD /* Array+subscript.swift in Sources */,
				3927AA562C17329200671DAD /* ComponentDataSource.swift in Sources */,
				3927AA452C17258C00671DAD /* RNDatePickerManager.mm in Sources */,
				39975E572C17B81600B23594 /* DatePicker+DataManager.swift in Sources */,
				3927AA472C17258C00671DAD /* UIView+isScrolling.swift in Sources */,
				3927AA582C1732ED00671DAD /* ComponentInfinityDataSource.swift in Sources */,
				3927AA422C17258C00671DAD /* RNDatePicker.mm in Sources */,
				3927AA432C17258C00671DAD /* DatePicker+UIPickerViewDelegate.swift in Sources */,
				3927AA442C17258C00671DAD /* DatePicker+UIPickerViewDataSource.swift in Sources */,
				3927AA462C17258C00671DAD /* DatePicker.swift in Sources */,
			);
			runOnlyForDeploymentPostprocessing = 0;
		};
/* End PBXSourcesBuildPhase section */

/* Begin XCBuildConfiguration section */
		3927AA312C17255900671DAD /* Debug */ = {
			isa = XCBuildConfiguration;
			buildSettings = {
				ALWAYS_SEARCH_USER_PATHS = NO;
				ASSETCATALOG_COMPILER_GENERATE_SWIFT_ASSET_SYMBOL_EXTENSIONS = YES;
				CLANG_ANALYZER_NONNULL = YES;
				CLANG_ANALYZER_NUMBER_OBJECT_CONVERSION = YES_AGGRESSIVE;
				CLANG_CXX_LANGUAGE_STANDARD = "gnu++20";
				CLANG_ENABLE_MODULES = YES;
				CLANG_ENABLE_OBJC_ARC = YES;
				CLANG_ENABLE_OBJC_WEAK = YES;
				CLANG_WARN_BLOCK_CAPTURE_AUTORELEASING = YES;
				CLANG_WARN_BOOL_CONVERSION = YES;
				CLANG_WARN_COMMA = YES;
				CLANG_WARN_CONSTANT_CONVERSION = YES;
				CLANG_WARN_DEPRECATED_OBJC_IMPLEMENTATIONS = YES;
				CLANG_WARN_DIRECT_OBJC_ISA_USAGE = YES_ERROR;
				CLANG_WARN_DOCUMENTATION_COMMENTS = YES;
				CLANG_WARN_EMPTY_BODY = YES;
				CLANG_WARN_ENUM_CONVERSION = YES;
				CLANG_WARN_INFINITE_RECURSION = YES;
				CLANG_WARN_INT_CONVERSION = YES;
				CLANG_WARN_NON_LITERAL_NULL_CONVERSION = YES;
				CLANG_WARN_OBJC_IMPLICIT_RETAIN_SELF = YES;
				CLANG_WARN_OBJC_LITERAL_CONVERSION = YES;
				CLANG_WARN_OBJC_ROOT_CLASS = YES_ERROR;
				CLANG_WARN_QUOTED_INCLUDE_IN_FRAMEWORK_HEADER = YES;
				CLANG_WARN_RANGE_LOOP_ANALYSIS = YES;
				CLANG_WARN_STRICT_PROTOTYPES = YES;
				CLANG_WARN_SUSPICIOUS_MOVE = YES;
				CLANG_WARN_UNGUARDED_AVAILABILITY = YES_AGGRESSIVE;
				CLANG_WARN_UNREACHABLE_CODE = YES;
				CLANG_WARN__DUPLICATE_METHOD_MATCH = YES;
				COPY_PHASE_STRIP = NO;
				DEBUG_INFORMATION_FORMAT = dwarf;
				ENABLE_STRICT_OBJC_MSGSEND = YES;
				ENABLE_TESTABILITY = YES;
				ENABLE_USER_SCRIPT_SANDBOXING = YES;
				GCC_C_LANGUAGE_STANDARD = gnu17;
				GCC_DYNAMIC_NO_PIC = NO;
				GCC_NO_COMMON_BLOCKS = YES;
				GCC_OPTIMIZATION_LEVEL = 0;
				GCC_PREPROCESSOR_DEFINITIONS = (
					"DEBUG=1",
					"$(inherited)",
				);
				GCC_WARN_64_TO_32_BIT_CONVERSION = YES;
				GCC_WARN_ABOUT_RETURN_TYPE = YES_ERROR;
				GCC_WARN_UNDECLARED_SELECTOR = YES;
				GCC_WARN_UNINITIALIZED_AUTOS = YES_AGGRESSIVE;
				GCC_WARN_UNUSED_FUNCTION = YES;
				GCC_WARN_UNUSED_VARIABLE = YES;
				IPHONEOS_DEPLOYMENT_TARGET = 13.4;
				LOCALIZATION_PREFERS_STRING_CATALOGS = YES;
				MTL_ENABLE_DEBUG_INFO = INCLUDE_SOURCE;
				MTL_FAST_MATH = YES;
				ONLY_ACTIVE_ARCH = YES;
				SDKROOT = iphoneos;
				SWIFT_ACTIVE_COMPILATION_CONDITIONS = "DEBUG $(inherited)";
				SWIFT_OPTIMIZATION_LEVEL = "-Onone";
			};
			name = Debug;
		};
		3927AA322C17255900671DAD /* Release */ = {
			isa = XCBuildConfiguration;
			buildSettings = {
				ALWAYS_SEARCH_USER_PATHS = NO;
				ASSETCATALOG_COMPILER_GENERATE_SWIFT_ASSET_SYMBOL_EXTENSIONS = YES;
				CLANG_ANALYZER_NONNULL = YES;
				CLANG_ANALYZER_NUMBER_OBJECT_CONVERSION = YES_AGGRESSIVE;
				CLANG_CXX_LANGUAGE_STANDARD = "gnu++20";
				CLANG_ENABLE_MODULES = YES;
				CLANG_ENABLE_OBJC_ARC = YES;
				CLANG_ENABLE_OBJC_WEAK = YES;
				CLANG_WARN_BLOCK_CAPTURE_AUTORELEASING = YES;
				CLANG_WARN_BOOL_CONVERSION = YES;
				CLANG_WARN_COMMA = YES;
				CLANG_WARN_CONSTANT_CONVERSION = YES;
				CLANG_WARN_DEPRECATED_OBJC_IMPLEMENTATIONS = YES;
				CLANG_WARN_DIRECT_OBJC_ISA_USAGE = YES_ERROR;
				CLANG_WARN_DOCUMENTATION_COMMENTS = YES;
				CLANG_WARN_EMPTY_BODY = YES;
				CLANG_WARN_ENUM_CONVERSION = YES;
				CLANG_WARN_INFINITE_RECURSION = YES;
				CLANG_WARN_INT_CONVERSION = YES;
				CLANG_WARN_NON_LITERAL_NULL_CONVERSION = YES;
				CLANG_WARN_OBJC_IMPLICIT_RETAIN_SELF = YES;
				CLANG_WARN_OBJC_LITERAL_CONVERSION = YES;
				CLANG_WARN_OBJC_ROOT_CLASS = YES_ERROR;
				CLANG_WARN_QUOTED_INCLUDE_IN_FRAMEWORK_HEADER = YES;
				CLANG_WARN_RANGE_LOOP_ANALYSIS = YES;
				CLANG_WARN_STRICT_PROTOTYPES = YES;
				CLANG_WARN_SUSPICIOUS_MOVE = YES;
				CLANG_WARN_UNGUARDED_AVAILABILITY = YES_AGGRESSIVE;
				CLANG_WARN_UNREACHABLE_CODE = YES;
				CLANG_WARN__DUPLICATE_METHOD_MATCH = YES;
				COPY_PHASE_STRIP = NO;
				DEBUG_INFORMATION_FORMAT = "dwarf-with-dsym";
				ENABLE_NS_ASSERTIONS = NO;
				ENABLE_STRICT_OBJC_MSGSEND = YES;
				ENABLE_USER_SCRIPT_SANDBOXING = YES;
				GCC_C_LANGUAGE_STANDARD = gnu17;
				GCC_NO_COMMON_BLOCKS = YES;
				GCC_WARN_64_TO_32_BIT_CONVERSION = YES;
				GCC_WARN_ABOUT_RETURN_TYPE = YES_ERROR;
				GCC_WARN_UNDECLARED_SELECTOR = YES;
				GCC_WARN_UNINITIALIZED_AUTOS = YES_AGGRESSIVE;
				GCC_WARN_UNUSED_FUNCTION = YES;
				GCC_WARN_UNUSED_VARIABLE = YES;
				IPHONEOS_DEPLOYMENT_TARGET = 13.4;
				LOCALIZATION_PREFERS_STRING_CATALOGS = YES;
				MTL_ENABLE_DEBUG_INFO = NO;
				MTL_FAST_MATH = YES;
				SDKROOT = iphoneos;
				SWIFT_COMPILATION_MODE = wholemodule;
				VALIDATE_PRODUCT = YES;
			};
			name = Release;
		};
		3927AA342C17255900671DAD /* Debug */ = {
			isa = XCBuildConfiguration;
			buildSettings = {
				CLANG_ENABLE_MODULES = YES;
				CODE_SIGN_STYLE = Automatic;
				DEVELOPMENT_TEAM = G6WTUF2D9F;
				OTHER_LDFLAGS = "-ObjC";
				PRODUCT_NAME = "$(TARGET_NAME)";
				SKIP_INSTALL = YES;
				SWIFT_OBJC_BRIDGING_HEADER = "FlipDatePicker-Bridging-Header.h";
				SWIFT_OPTIMIZATION_LEVEL = "-Onone";
				SWIFT_VERSION = 5.0;
				TARGETED_DEVICE_FAMILY = "1,2";
			};
			name = Debug;
		};
		3927AA352C17255900671DAD /* Release */ = {
			isa = XCBuildConfiguration;
			buildSettings = {
				CLANG_ENABLE_MODULES = YES;
				CODE_SIGN_STYLE = Automatic;
				DEVELOPMENT_TEAM = G6WTUF2D9F;
				OTHER_LDFLAGS = "-ObjC";
				PRODUCT_NAME = "$(TARGET_NAME)";
				SKIP_INSTALL = YES;
				SWIFT_OBJC_BRIDGING_HEADER = "FlipDatePicker-Bridging-Header.h";
				SWIFT_VERSION = 5.0;
				TARGETED_DEVICE_FAMILY = "1,2";
			};
			name = Release;
		};
/* End XCBuildConfiguration section */

/* Begin XCConfigurationList section */
		3927AA272C17255900671DAD /* Build configuration list for PBXProject "FlipDatePicker" */ = {
			isa = XCConfigurationList;
			buildConfigurations = (
				3927AA312C17255900671DAD /* Debug */,
				3927AA322C17255900671DAD /* Release */,
			);
			defaultConfigurationIsVisible = 0;
			defaultConfigurationName = Release;
		};
		3927AA332C17255900671DAD /* Build configuration list for PBXNativeTarget "FlipDatePicker" */ = {
			isa = XCConfigurationList;
			buildConfigurations = (
				3927AA342C17255900671DAD /* Debug */,
				3927AA352C17255900671DAD /* Release */,
			);
			defaultConfigurationIsVisible = 0;
			defaultConfigurationName = Release;
		};
/* End XCConfigurationList section */
	};
	rootObject = 3927AA242C17255900671DAD /* Project object */;
}
