PODS:
  - boost (1.76.0)
  - DoubleConversion (1.1.6)
  - FBLazyVector (0.71.19)
  - FBReactNativeSpec (0.71.19):
    - RCT-Folly (= 2021.07.22.00)
    - RCTRequired (= 0.71.19)
    - RCTTypeSafety (= 0.71.19)
    - React-Core (= 0.71.19)
    - React-jsi (= 0.71.19)
    - ReactCommon/turbomodule/core (= 0.71.19)
  - fmt (6.2.1)
  - glog (0.3.5)
  - hermes-engine (0.71.19):
    - hermes-engine/Pre-built (= 0.71.19)
  - hermes-engine/Pre-built (0.71.19)
  - libevent (2.1.12)
  - RCT-Folly (2021.07.22.00):
    - boost
    - DoubleConversion
    - fmt (~> 6.2.1)
    - glog
    - RCT-Folly/Default (= 2021.07.22.00)
  - RCT-Folly/Default (2021.07.22.00):
    - boost
    - DoubleConversion
    - fmt (~> 6.2.1)
    - glog
  - RCT-Folly/Fabric (2021.07.22.00):
    - boost
    - DoubleConversion
    - fmt (~> 6.2.1)
    - glog
  - RCT-Folly/Futures (2021.07.22.00):
    - boost
    - DoubleConversion
    - fmt (~> 6.2.1)
    - glog
    - libevent
  - RCTRequired (0.71.19)
  - RCTTypeSafety (0.71.19):
    - FBLazyVector (= 0.71.19)
    - RCTRequired (= 0.71.19)
    - React-Core (= 0.71.19)
  - React (0.71.19):
    - React-Core (= 0.71.19)
    - React-Core/DevSupport (= 0.71.19)
    - React-Core/RCTWebSocket (= 0.71.19)
    - React-RCTActionSheet (= 0.71.19)
    - React-RCTAnimation (= 0.71.19)
    - React-RCTBlob (= 0.71.19)
    - React-RCTImage (= 0.71.19)
    - React-RCTLinking (= 0.71.19)
    - React-RCTNetwork (= 0.71.19)
    - React-RCTSettings (= 0.71.19)
    - React-RCTText (= 0.71.19)
    - React-RCTVibration (= 0.71.19)
  - React-callinvoker (0.71.19)
  - React-Codegen (0.71.19):
    - FBReactNativeSpec
    - hermes-engine
    - RCT-Folly
    - RCTRequired
    - RCTTypeSafety
    - React-Core
    - React-graphics
    - React-jsi
    - React-jsiexecutor
    - React-rncore
    - ReactCommon/turbomodule/bridging
    - ReactCommon/turbomodule/core
  - React-Core (0.71.19):
    - glog
    - hermes-engine
    - RCT-Folly (= 2021.07.22.00)
    - React-Core/Default (= 0.71.19)
    - React-cxxreact (= 0.71.19)
    - React-hermes
    - React-jsi (= 0.71.19)
    - React-jsiexecutor (= 0.71.19)
    - React-perflogger (= 0.71.19)
    - Yoga
  - React-Core/CoreModulesHeaders (0.71.19):
    - glog
    - hermes-engine
    - RCT-Folly (= 2021.07.22.00)
    - React-Core/Default
    - React-cxxreact (= 0.71.19)
    - React-hermes
    - React-jsi (= 0.71.19)
    - React-jsiexecutor (= 0.71.19)
    - React-perflogger (= 0.71.19)
    - Yoga
  - React-Core/Default (0.71.19):
    - glog
    - hermes-engine
    - RCT-Folly (= 2021.07.22.00)
    - React-cxxreact (= 0.71.19)
    - React-hermes
    - React-jsi (= 0.71.19)
    - React-jsiexecutor (= 0.71.19)
    - React-perflogger (= 0.71.19)
    - Yoga
  - React-Core/DevSupport (0.71.19):
    - glog
    - hermes-engine
    - RCT-Folly (= 2021.07.22.00)
    - React-Core/Default (= 0.71.19)
    - React-Core/RCTWebSocket (= 0.71.19)
    - React-cxxreact (= 0.71.19)
    - React-hermes
    - React-jsi (= 0.71.19)
    - React-jsiexecutor (= 0.71.19)
    - React-jsinspector (= 0.71.19)
    - React-perflogger (= 0.71.19)
    - Yoga
  - React-Core/RCTActionSheetHeaders (0.71.19):
    - glog
    - hermes-engine
    - RCT-Folly (= 2021.07.22.00)
    - React-Core/Default
    - React-cxxreact (= 0.71.19)
    - React-hermes
    - React-jsi (= 0.71.19)
    - React-jsiexecutor (= 0.71.19)
    - React-perflogger (= 0.71.19)
    - Yoga
  - React-Core/RCTAnimationHeaders (0.71.19):
    - glog
    - hermes-engine
    - RCT-Folly (= 2021.07.22.00)
    - React-Core/Default
    - React-cxxreact (= 0.71.19)
    - React-hermes
    - React-jsi (= 0.71.19)
    - React-jsiexecutor (= 0.71.19)
    - React-perflogger (= 0.71.19)
    - Yoga
  - React-Core/RCTBlobHeaders (0.71.19):
    - glog
    - hermes-engine
    - RCT-Folly (= 2021.07.22.00)
    - React-Core/Default
    - React-cxxreact (= 0.71.19)
    - React-hermes
    - React-jsi (= 0.71.19)
    - React-jsiexecutor (= 0.71.19)
    - React-perflogger (= 0.71.19)
    - Yoga
  - React-Core/RCTImageHeaders (0.71.19):
    - glog
    - hermes-engine
    - RCT-Folly (= 2021.07.22.00)
    - React-Core/Default
    - React-cxxreact (= 0.71.19)
    - React-hermes
    - React-jsi (= 0.71.19)
    - React-jsiexecutor (= 0.71.19)
    - React-perflogger (= 0.71.19)
    - Yoga
  - React-Core/RCTLinkingHeaders (0.71.19):
    - glog
    - hermes-engine
    - RCT-Folly (= 2021.07.22.00)
    - React-Core/Default
    - React-cxxreact (= 0.71.19)
    - React-hermes
    - React-jsi (= 0.71.19)
    - React-jsiexecutor (= 0.71.19)
    - React-perflogger (= 0.71.19)
    - Yoga
  - React-Core/RCTNetworkHeaders (0.71.19):
    - glog
    - hermes-engine
    - RCT-Folly (= 2021.07.22.00)
    - React-Core/Default
    - React-cxxreact (= 0.71.19)
    - React-hermes
    - React-jsi (= 0.71.19)
    - React-jsiexecutor (= 0.71.19)
    - React-perflogger (= 0.71.19)
    - Yoga
  - React-Core/RCTSettingsHeaders (0.71.19):
    - glog
    - hermes-engine
    - RCT-Folly (= 2021.07.22.00)
    - React-Core/Default
    - React-cxxreact (= 0.71.19)
    - React-hermes
    - React-jsi (= 0.71.19)
    - React-jsiexecutor (= 0.71.19)
    - React-perflogger (= 0.71.19)
    - Yoga
  - React-Core/RCTTextHeaders (0.71.19):
    - glog
    - hermes-engine
    - RCT-Folly (= 2021.07.22.00)
    - React-Core/Default
    - React-cxxreact (= 0.71.19)
    - React-hermes
    - React-jsi (= 0.71.19)
    - React-jsiexecutor (= 0.71.19)
    - React-perflogger (= 0.71.19)
    - Yoga
  - React-Core/RCTVibrationHeaders (0.71.19):
    - glog
    - hermes-engine
    - RCT-Folly (= 2021.07.22.00)
    - React-Core/Default
    - React-cxxreact (= 0.71.19)
    - React-hermes
    - React-jsi (= 0.71.19)
    - React-jsiexecutor (= 0.71.19)
    - React-perflogger (= 0.71.19)
    - Yoga
  - React-Core/RCTWebSocket (0.71.19):
    - glog
    - hermes-engine
    - RCT-Folly (= 2021.07.22.00)
    - React-Core/Default (= 0.71.19)
    - React-cxxreact (= 0.71.19)
    - React-hermes
    - React-jsi (= 0.71.19)
    - React-jsiexecutor (= 0.71.19)
    - React-perflogger (= 0.71.19)
    - Yoga
  - React-CoreModules (0.71.19):
    - RCT-Folly (= 2021.07.22.00)
    - RCTTypeSafety (= 0.71.19)
    - React-Codegen (= 0.71.19)
    - React-Core/CoreModulesHeaders (= 0.71.19)
    - React-jsi (= 0.71.19)
    - React-RCTBlob
    - React-RCTImage (= 0.71.19)
    - ReactCommon/turbomodule/core (= 0.71.19)
  - React-cxxreact (0.71.19):
    - boost (= 1.76.0)
    - DoubleConversion
    - glog
    - hermes-engine
    - RCT-Folly (= 2021.07.22.00)
    - React-callinvoker (= 0.71.19)
    - React-jsi (= 0.71.19)
    - React-jsinspector (= 0.71.19)
    - React-logger (= 0.71.19)
    - React-perflogger (= 0.71.19)
    - React-runtimeexecutor (= 0.71.19)
  - React-Fabric (0.71.19):
    - RCT-Folly/Fabric (= 2021.07.22.00)
    - RCTRequired (= 0.71.19)
    - RCTTypeSafety (= 0.71.19)
    - React-Fabric/animations (= 0.71.19)
    - React-Fabric/attributedstring (= 0.71.19)
    - React-Fabric/butter (= 0.71.19)
    - React-Fabric/componentregistry (= 0.71.19)
    - React-Fabric/componentregistrynative (= 0.71.19)
    - React-Fabric/components (= 0.71.19)
    - React-Fabric/config (= 0.71.19)
    - React-Fabric/core (= 0.71.19)
    - React-Fabric/debug_core (= 0.71.19)
    - React-Fabric/debug_renderer (= 0.71.19)
    - React-Fabric/imagemanager (= 0.71.19)
    - React-Fabric/leakchecker (= 0.71.19)
    - React-Fabric/mapbuffer (= 0.71.19)
    - React-Fabric/mounting (= 0.71.19)
    - React-Fabric/runtimescheduler (= 0.71.19)
    - React-Fabric/scheduler (= 0.71.19)
    - React-Fabric/telemetry (= 0.71.19)
    - React-Fabric/templateprocessor (= 0.71.19)
    - React-Fabric/textlayoutmanager (= 0.71.19)
    - React-Fabric/uimanager (= 0.71.19)
    - React-Fabric/utils (= 0.71.19)
    - React-graphics (= 0.71.19)
    - React-jsi (= 0.71.19)
    - React-jsiexecutor (= 0.71.19)
    - ReactCommon/turbomodule/core (= 0.71.19)
  - React-Fabric/animations (0.71.19):
    - RCT-Folly/Fabric (= 2021.07.22.00)
    - RCTRequired (= 0.71.19)
    - RCTTypeSafety (= 0.71.19)
    - React-graphics (= 0.71.19)
    - React-jsi (= 0.71.19)
    - React-jsiexecutor (= 0.71.19)
    - ReactCommon/turbomodule/core (= 0.71.19)
  - React-Fabric/attributedstring (0.71.19):
    - RCT-Folly/Fabric (= 2021.07.22.00)
    - RCTRequired (= 0.71.19)
    - RCTTypeSafety (= 0.71.19)
    - React-graphics (= 0.71.19)
    - React-jsi (= 0.71.19)
    - React-jsiexecutor (= 0.71.19)
    - ReactCommon/turbomodule/core (= 0.71.19)
  - React-Fabric/butter (0.71.19):
    - RCT-Folly/Fabric (= 2021.07.22.00)
    - RCTRequired (= 0.71.19)
    - RCTTypeSafety (= 0.71.19)
    - React-graphics (= 0.71.19)
    - React-jsi (= 0.71.19)
    - React-jsiexecutor (= 0.71.19)
    - ReactCommon/turbomodule/core (= 0.71.19)
  - React-Fabric/componentregistry (0.71.19):
    - RCT-Folly/Fabric (= 2021.07.22.00)
    - RCTRequired (= 0.71.19)
    - RCTTypeSafety (= 0.71.19)
    - React-graphics (= 0.71.19)
    - React-jsi (= 0.71.19)
    - React-jsiexecutor (= 0.71.19)
    - ReactCommon/turbomodule/core (= 0.71.19)
  - React-Fabric/componentregistrynative (0.71.19):
    - RCT-Folly/Fabric (= 2021.07.22.00)
    - RCTRequired (= 0.71.19)
    - RCTTypeSafety (= 0.71.19)
    - React-graphics (= 0.71.19)
    - React-jsi (= 0.71.19)
    - React-jsiexecutor (= 0.71.19)
    - ReactCommon/turbomodule/core (= 0.71.19)
  - React-Fabric/components (0.71.19):
    - RCT-Folly/Fabric (= 2021.07.22.00)
    - RCTRequired (= 0.71.19)
    - RCTTypeSafety (= 0.71.19)
    - React-Fabric/components/activityindicator (= 0.71.19)
    - React-Fabric/components/image (= 0.71.19)
    - React-Fabric/components/inputaccessory (= 0.71.19)
    - React-Fabric/components/legacyviewmanagerinterop (= 0.71.19)
    - React-Fabric/components/modal (= 0.71.19)
    - React-Fabric/components/root (= 0.71.19)
    - React-Fabric/components/safeareaview (= 0.71.19)
    - React-Fabric/components/scrollview (= 0.71.19)
    - React-Fabric/components/slider (= 0.71.19)
    - React-Fabric/components/text (= 0.71.19)
    - React-Fabric/components/textinput (= 0.71.19)
    - React-Fabric/components/unimplementedview (= 0.71.19)
    - React-Fabric/components/view (= 0.71.19)
    - React-graphics (= 0.71.19)
    - React-jsi (= 0.71.19)
    - React-jsiexecutor (= 0.71.19)
    - ReactCommon/turbomodule/core (= 0.71.19)
  - React-Fabric/components/activityindicator (0.71.19):
    - RCT-Folly/Fabric (= 2021.07.22.00)
    - RCTRequired (= 0.71.19)
    - RCTTypeSafety (= 0.71.19)
    - React-graphics (= 0.71.19)
    - React-jsi (= 0.71.19)
    - React-jsiexecutor (= 0.71.19)
    - ReactCommon/turbomodule/core (= 0.71.19)
  - React-Fabric/components/image (0.71.19):
    - RCT-Folly/Fabric (= 2021.07.22.00)
    - RCTRequired (= 0.71.19)
    - RCTTypeSafety (= 0.71.19)
    - React-graphics (= 0.71.19)
    - React-jsi (= 0.71.19)
    - React-jsiexecutor (= 0.71.19)
    - ReactCommon/turbomodule/core (= 0.71.19)
  - React-Fabric/components/inputaccessory (0.71.19):
    - RCT-Folly/Fabric (= 2021.07.22.00)
    - RCTRequired (= 0.71.19)
    - RCTTypeSafety (= 0.71.19)
    - React-graphics (= 0.71.19)
    - React-jsi (= 0.71.19)
    - React-jsiexecutor (= 0.71.19)
    - ReactCommon/turbomodule/core (= 0.71.19)
  - React-Fabric/components/legacyviewmanagerinterop (0.71.19):
    - RCT-Folly/Fabric (= 2021.07.22.00)
    - RCTRequired (= 0.71.19)
    - RCTTypeSafety (= 0.71.19)
    - React-graphics (= 0.71.19)
    - React-jsi (= 0.71.19)
    - React-jsiexecutor (= 0.71.19)
    - ReactCommon/turbomodule/core (= 0.71.19)
  - React-Fabric/components/modal (0.71.19):
    - RCT-Folly/Fabric (= 2021.07.22.00)
    - RCTRequired (= 0.71.19)
    - RCTTypeSafety (= 0.71.19)
    - React-graphics (= 0.71.19)
    - React-jsi (= 0.71.19)
    - React-jsiexecutor (= 0.71.19)
    - ReactCommon/turbomodule/core (= 0.71.19)
  - React-Fabric/components/root (0.71.19):
    - RCT-Folly/Fabric (= 2021.07.22.00)
    - RCTRequired (= 0.71.19)
    - RCTTypeSafety (= 0.71.19)
    - React-graphics (= 0.71.19)
    - React-jsi (= 0.71.19)
    - React-jsiexecutor (= 0.71.19)
    - ReactCommon/turbomodule/core (= 0.71.19)
  - React-Fabric/components/safeareaview (0.71.19):
    - RCT-Folly/Fabric (= 2021.07.22.00)
    - RCTRequired (= 0.71.19)
    - RCTTypeSafety (= 0.71.19)
    - React-graphics (= 0.71.19)
    - React-jsi (= 0.71.19)
    - React-jsiexecutor (= 0.71.19)
    - ReactCommon/turbomodule/core (= 0.71.19)
  - React-Fabric/components/scrollview (0.71.19):
    - RCT-Folly/Fabric (= 2021.07.22.00)
    - RCTRequired (= 0.71.19)
    - RCTTypeSafety (= 0.71.19)
    - React-graphics (= 0.71.19)
    - React-jsi (= 0.71.19)
    - React-jsiexecutor (= 0.71.19)
    - ReactCommon/turbomodule/core (= 0.71.19)
  - React-Fabric/components/slider (0.71.19):
    - RCT-Folly/Fabric (= 2021.07.22.00)
    - RCTRequired (= 0.71.19)
    - RCTTypeSafety (= 0.71.19)
    - React-graphics (= 0.71.19)
    - React-jsi (= 0.71.19)
    - React-jsiexecutor (= 0.71.19)
    - ReactCommon/turbomodule/core (= 0.71.19)
  - React-Fabric/components/text (0.71.19):
    - RCT-Folly/Fabric (= 2021.07.22.00)
    - RCTRequired (= 0.71.19)
    - RCTTypeSafety (= 0.71.19)
    - React-graphics (= 0.71.19)
    - React-jsi (= 0.71.19)
    - React-jsiexecutor (= 0.71.19)
    - ReactCommon/turbomodule/core (= 0.71.19)
  - React-Fabric/components/textinput (0.71.19):
    - RCT-Folly/Fabric (= 2021.07.22.00)
    - RCTRequired (= 0.71.19)
    - RCTTypeSafety (= 0.71.19)
    - React-graphics (= 0.71.19)
    - React-jsi (= 0.71.19)
    - React-jsiexecutor (= 0.71.19)
    - ReactCommon/turbomodule/core (= 0.71.19)
  - React-Fabric/components/unimplementedview (0.71.19):
    - RCT-Folly/Fabric (= 2021.07.22.00)
    - RCTRequired (= 0.71.19)
    - RCTTypeSafety (= 0.71.19)
    - React-graphics (= 0.71.19)
    - React-jsi (= 0.71.19)
    - React-jsiexecutor (= 0.71.19)
    - ReactCommon/turbomodule/core (= 0.71.19)
  - React-Fabric/components/view (0.71.19):
    - RCT-Folly/Fabric (= 2021.07.22.00)
    - RCTRequired (= 0.71.19)
    - RCTTypeSafety (= 0.71.19)
    - React-graphics (= 0.71.19)
    - React-jsi (= 0.71.19)
    - React-jsiexecutor (= 0.71.19)
    - ReactCommon/turbomodule/core (= 0.71.19)
    - Yoga
  - React-Fabric/config (0.71.19):
    - RCT-Folly/Fabric (= 2021.07.22.00)
    - RCTRequired (= 0.71.19)
    - RCTTypeSafety (= 0.71.19)
    - React-graphics (= 0.71.19)
    - React-jsi (= 0.71.19)
    - React-jsiexecutor (= 0.71.19)
    - ReactCommon/turbomodule/core (= 0.71.19)
  - React-Fabric/core (0.71.19):
    - RCT-Folly/Fabric (= 2021.07.22.00)
    - RCTRequired (= 0.71.19)
    - RCTTypeSafety (= 0.71.19)
    - React-graphics (= 0.71.19)
    - React-jsi (= 0.71.19)
    - React-jsiexecutor (= 0.71.19)
    - ReactCommon/turbomodule/core (= 0.71.19)
  - React-Fabric/debug_core (0.71.19):
    - RCT-Folly/Fabric (= 2021.07.22.00)
    - RCTRequired (= 0.71.19)
    - RCTTypeSafety (= 0.71.19)
    - React-graphics (= 0.71.19)
    - React-jsi (= 0.71.19)
    - React-jsiexecutor (= 0.71.19)
    - ReactCommon/turbomodule/core (= 0.71.19)
  - React-Fabric/debug_renderer (0.71.19):
    - RCT-Folly/Fabric (= 2021.07.22.00)
    - RCTRequired (= 0.71.19)
    - RCTTypeSafety (= 0.71.19)
    - React-graphics (= 0.71.19)
    - React-jsi (= 0.71.19)
    - React-jsiexecutor (= 0.71.19)
    - ReactCommon/turbomodule/core (= 0.71.19)
  - React-Fabric/imagemanager (0.71.19):
    - RCT-Folly/Fabric (= 2021.07.22.00)
    - RCTRequired (= 0.71.19)
    - RCTTypeSafety (= 0.71.19)
    - React-graphics (= 0.71.19)
    - React-jsi (= 0.71.19)
    - React-jsiexecutor (= 0.71.19)
    - React-RCTImage (= 0.71.19)
    - ReactCommon/turbomodule/core (= 0.71.19)
  - React-Fabric/leakchecker (0.71.19):
    - RCT-Folly/Fabric (= 2021.07.22.00)
    - RCTRequired (= 0.71.19)
    - RCTTypeSafety (= 0.71.19)
    - React-graphics (= 0.71.19)
    - React-jsi (= 0.71.19)
    - React-jsiexecutor (= 0.71.19)
    - ReactCommon/turbomodule/core (= 0.71.19)
  - React-Fabric/mapbuffer (0.71.19):
    - RCT-Folly/Fabric (= 2021.07.22.00)
    - RCTRequired (= 0.71.19)
    - RCTTypeSafety (= 0.71.19)
    - React-graphics (= 0.71.19)
    - React-jsi (= 0.71.19)
    - React-jsiexecutor (= 0.71.19)
    - ReactCommon/turbomodule/core (= 0.71.19)
  - React-Fabric/mounting (0.71.19):
    - RCT-Folly/Fabric (= 2021.07.22.00)
    - RCTRequired (= 0.71.19)
    - RCTTypeSafety (= 0.71.19)
    - React-graphics (= 0.71.19)
    - React-jsi (= 0.71.19)
    - React-jsiexecutor (= 0.71.19)
    - ReactCommon/turbomodule/core (= 0.71.19)
  - React-Fabric/runtimescheduler (0.71.19):
    - RCT-Folly/Fabric (= 2021.07.22.00)
    - RCTRequired (= 0.71.19)
    - RCTTypeSafety (= 0.71.19)
    - React-graphics (= 0.71.19)
    - React-jsi (= 0.71.19)
    - React-jsiexecutor (= 0.71.19)
    - ReactCommon/turbomodule/core (= 0.71.19)
  - React-Fabric/scheduler (0.71.19):
    - RCT-Folly/Fabric (= 2021.07.22.00)
    - RCTRequired (= 0.71.19)
    - RCTTypeSafety (= 0.71.19)
    - React-graphics (= 0.71.19)
    - React-jsi (= 0.71.19)
    - React-jsiexecutor (= 0.71.19)
    - ReactCommon/turbomodule/core (= 0.71.19)
  - React-Fabric/telemetry (0.71.19):
    - RCT-Folly/Fabric (= 2021.07.22.00)
    - RCTRequired (= 0.71.19)
    - RCTTypeSafety (= 0.71.19)
    - React-graphics (= 0.71.19)
    - React-jsi (= 0.71.19)
    - React-jsiexecutor (= 0.71.19)
    - ReactCommon/turbomodule/core (= 0.71.19)
  - React-Fabric/templateprocessor (0.71.19):
    - RCT-Folly/Fabric (= 2021.07.22.00)
    - RCTRequired (= 0.71.19)
    - RCTTypeSafety (= 0.71.19)
    - React-graphics (= 0.71.19)
    - React-jsi (= 0.71.19)
    - React-jsiexecutor (= 0.71.19)
    - ReactCommon/turbomodule/core (= 0.71.19)
  - React-Fabric/textlayoutmanager (0.71.19):
    - RCT-Folly/Fabric (= 2021.07.22.00)
    - RCTRequired (= 0.71.19)
    - RCTTypeSafety (= 0.71.19)
    - React-Fabric/uimanager
    - React-graphics (= 0.71.19)
    - React-jsi (= 0.71.19)
    - React-jsiexecutor (= 0.71.19)
    - ReactCommon/turbomodule/core (= 0.71.19)
  - React-Fabric/uimanager (0.71.19):
    - RCT-Folly/Fabric (= 2021.07.22.00)
    - RCTRequired (= 0.71.19)
    - RCTTypeSafety (= 0.71.19)
    - React-graphics (= 0.71.19)
    - React-jsi (= 0.71.19)
    - React-jsiexecutor (= 0.71.19)
    - ReactCommon/turbomodule/core (= 0.71.19)
  - React-Fabric/utils (0.71.19):
    - RCT-Folly/Fabric (= 2021.07.22.00)
    - RCTRequired (= 0.71.19)
    - RCTTypeSafety (= 0.71.19)
    - React-graphics (= 0.71.19)
    - React-jsi (= 0.71.19)
    - React-jsiexecutor (= 0.71.19)
    - ReactCommon/turbomodule/core (= 0.71.19)
  - React-graphics (0.71.19):
    - RCT-Folly/Fabric (= 2021.07.22.00)
    - React-Core/Default (= 0.71.19)
  - React-hermes (0.71.19):
    - DoubleConversion
    - glog
    - hermes-engine
    - RCT-Folly (= 2021.07.22.00)
    - RCT-Folly/Futures (= 2021.07.22.00)
    - React-cxxreact (= 0.71.19)
    - React-jsi
    - React-jsiexecutor (= 0.71.19)
    - React-jsinspector (= 0.71.19)
    - React-perflogger (= 0.71.19)
  - React-jsi (0.71.19):
    - boost (= 1.76.0)
    - DoubleConversion
    - glog
    - hermes-engine
    - RCT-Folly (= 2021.07.22.00)
  - React-jsiexecutor (0.71.19):
    - DoubleConversion
    - glog
    - hermes-engine
    - RCT-Folly (= 2021.07.22.00)
    - React-cxxreact (= 0.71.19)
    - React-jsi (= 0.71.19)
    - React-perflogger (= 0.71.19)
  - React-jsinspector (0.71.19)
  - React-logger (0.71.19):
    - glog
  - react-native-date-picker (5.0.8):
    - RCT-Folly (= 2021.07.22.00)
    - RCTRequired
    - RCTTypeSafety
    - React-Codegen
    - React-Core
    - React-RCTFabric
    - ReactCommon/turbomodule/bridging
    - ReactCommon/turbomodule/core
  - React-perflogger (0.71.19)
  - React-RCTActionSheet (0.71.19):
    - React-Core/RCTActionSheetHeaders (= 0.71.19)
  - React-RCTAnimation (0.71.19):
    - RCT-Folly (= 2021.07.22.00)
    - RCTTypeSafety (= 0.71.19)
    - React-Codegen (= 0.71.19)
    - React-Core/RCTAnimationHeaders (= 0.71.19)
    - React-jsi (= 0.71.19)
    - ReactCommon/turbomodule/core (= 0.71.19)
  - React-RCTAppDelegate (0.71.19):
    - RCT-Folly
    - RCTRequired
    - RCTTypeSafety
    - React-Core
    - React-graphics
    - React-RCTFabric
    - ReactCommon/turbomodule/core
  - React-RCTBlob (0.71.19):
    - hermes-engine
    - RCT-Folly (= 2021.07.22.00)
    - React-Codegen (= 0.71.19)
    - React-Core/RCTBlobHeaders (= 0.71.19)
    - React-Core/RCTWebSocket (= 0.71.19)
    - React-jsi (= 0.71.19)
    - React-RCTNetwork (= 0.71.19)
    - ReactCommon/turbomodule/core (= 0.71.19)
  - React-RCTFabric (0.71.19):
    - RCT-Folly/Fabric (= 2021.07.22.00)
    - React-Core (= 0.71.19)
    - React-Fabric (= 0.71.19)
    - React-RCTImage (= 0.71.19)
  - React-RCTImage (0.71.19):
    - RCT-Folly (= 2021.07.22.00)
    - RCTTypeSafety (= 0.71.19)
    - React-Codegen (= 0.71.19)
    - React-Core/RCTImageHeaders (= 0.71.19)
    - React-jsi (= 0.71.19)
    - React-RCTNetwork (= 0.71.19)
    - ReactCommon/turbomodule/core (= 0.71.19)
  - React-RCTLinking (0.71.19):
    - React-Codegen (= 0.71.19)
    - React-Core/RCTLinkingHeaders (= 0.71.19)
    - React-jsi (= 0.71.19)
    - ReactCommon/turbomodule/core (= 0.71.19)
  - React-RCTNetwork (0.71.19):
    - RCT-Folly (= 2021.07.22.00)
    - RCTTypeSafety (= 0.71.19)
    - React-Codegen (= 0.71.19)
    - React-Core/RCTNetworkHeaders (= 0.71.19)
    - React-jsi (= 0.71.19)
    - ReactCommon/turbomodule/core (= 0.71.19)
  - React-RCTSettings (0.71.19):
    - RCT-Folly (= 2021.07.22.00)
    - RCTTypeSafety (= 0.71.19)
    - React-Codegen (= 0.71.19)
    - React-Core/RCTSettingsHeaders (= 0.71.19)
    - React-jsi (= 0.71.19)
    - ReactCommon/turbomodule/core (= 0.71.19)
  - React-RCTText (0.71.19):
    - React-Core/RCTTextHeaders (= 0.71.19)
  - React-RCTVibration (0.71.19):
    - RCT-Folly (= 2021.07.22.00)
    - React-Codegen (= 0.71.19)
    - React-Core/RCTVibrationHeaders (= 0.71.19)
    - React-jsi (= 0.71.19)
    - ReactCommon/turbomodule/core (= 0.71.19)
  - React-rncore (0.71.19)
  - React-runtimeexecutor (0.71.19):
    - React-jsi (= 0.71.19)
  - ReactCommon/turbomodule/bridging (0.71.19):
    - DoubleConversion
    - glog
    - hermes-engine
    - RCT-Folly (= 2021.07.22.00)
    - React-callinvoker (= 0.71.19)
    - React-Core (= 0.71.19)
    - React-cxxreact (= 0.71.19)
    - React-jsi (= 0.71.19)
    - React-logger (= 0.71.19)
    - React-perflogger (= 0.71.19)
  - ReactCommon/turbomodule/core (0.71.19):
    - DoubleConversion
    - glog
    - hermes-engine
    - RCT-Folly (= 2021.07.22.00)
    - React-callinvoker (= 0.71.19)
    - React-Core (= 0.71.19)
    - React-cxxreact (= 0.71.19)
    - React-jsi (= 0.71.19)
    - React-logger (= 0.71.19)
    - React-perflogger (= 0.71.19)
  - RNLocalize (3.1.0):
    - RCT-Folly (= 2021.07.22.00)
    - RCTRequired
    - RCTTypeSafety
    - React-Codegen
    - React-Core
    - React-RCTFabric
    - ReactCommon/turbomodule/bridging
    - ReactCommon/turbomodule/core
  - Yoga (1.14.0)

DEPENDENCIES:
  - boost (from `../node_modules/react-native/third-party-podspecs/boost.podspec`)
  - DoubleConversion (from `../node_modules/react-native/third-party-podspecs/DoubleConversion.podspec`)
  - FBLazyVector (from `../node_modules/react-native/Libraries/FBLazyVector`)
  - FBReactNativeSpec (from `../node_modules/react-native/React/FBReactNativeSpec`)
  - glog (from `../node_modules/react-native/third-party-podspecs/glog.podspec`)
  - hermes-engine (from `../node_modules/react-native/sdks/hermes-engine/hermes-engine.podspec`)
  - libevent (~> 2.1.12)
  - RCT-Folly (from `../node_modules/react-native/third-party-podspecs/RCT-Folly.podspec`)
  - RCT-Folly/Fabric (from `../node_modules/react-native/third-party-podspecs/RCT-Folly.podspec`)
  - RCTRequired (from `../node_modules/react-native/Libraries/RCTRequired`)
  - RCTTypeSafety (from `../node_modules/react-native/Libraries/TypeSafety`)
  - React (from `../node_modules/react-native/`)
  - React-callinvoker (from `../node_modules/react-native/ReactCommon/callinvoker`)
  - React-Codegen (from `build/generated/ios`)
  - React-Core (from `../node_modules/react-native/`)
  - React-Core/RCTWebSocket (from `../node_modules/react-native/`)
  - React-CoreModules (from `../node_modules/react-native/React/CoreModules`)
  - React-cxxreact (from `../node_modules/react-native/ReactCommon/cxxreact`)
  - React-Fabric (from `../node_modules/react-native/ReactCommon`)
  - React-graphics (from `../node_modules/react-native/ReactCommon/react/renderer/graphics`)
  - React-hermes (from `../node_modules/react-native/ReactCommon/hermes`)
  - React-jsi (from `../node_modules/react-native/ReactCommon/jsi`)
  - React-jsiexecutor (from `../node_modules/react-native/ReactCommon/jsiexecutor`)
  - React-jsinspector (from `../node_modules/react-native/ReactCommon/jsinspector`)
  - React-logger (from `../node_modules/react-native/ReactCommon/logger`)
  - react-native-date-picker (from `../../..`)
  - React-perflogger (from `../node_modules/react-native/ReactCommon/reactperflogger`)
  - React-RCTActionSheet (from `../node_modules/react-native/Libraries/ActionSheetIOS`)
  - React-RCTAnimation (from `../node_modules/react-native/Libraries/NativeAnimation`)
  - React-RCTAppDelegate (from `../node_modules/react-native/Libraries/AppDelegate`)
  - React-RCTBlob (from `../node_modules/react-native/Libraries/Blob`)
  - React-RCTFabric (from `../node_modules/react-native/React`)
  - React-RCTImage (from `../node_modules/react-native/Libraries/Image`)
  - React-RCTLinking (from `../node_modules/react-native/Libraries/LinkingIOS`)
  - React-RCTNetwork (from `../node_modules/react-native/Libraries/Network`)
  - React-RCTSettings (from `../node_modules/react-native/Libraries/Settings`)
  - React-RCTText (from `../node_modules/react-native/Libraries/Text`)
  - React-RCTVibration (from `../node_modules/react-native/Libraries/Vibration`)
  - React-rncore (from `../node_modules/react-native/ReactCommon`)
  - React-runtimeexecutor (from `../node_modules/react-native/ReactCommon/runtimeexecutor`)
  - ReactCommon/turbomodule/core (from `../node_modules/react-native/ReactCommon`)
  - RNLocalize (from `../node_modules/react-native-localize`)
  - Yoga (from `../node_modules/react-native/ReactCommon/yoga`)

SPEC REPOS:
  trunk:
    - fmt
    - libevent

EXTERNAL SOURCES:
  boost:
    :podspec: "../node_modules/react-native/third-party-podspecs/boost.podspec"
  DoubleConversion:
    :podspec: "../node_modules/react-native/third-party-podspecs/DoubleConversion.podspec"
  FBLazyVector:
    :path: "../node_modules/react-native/Libraries/FBLazyVector"
  FBReactNativeSpec:
    :path: "../node_modules/react-native/React/FBReactNativeSpec"
  glog:
    :podspec: "../node_modules/react-native/third-party-podspecs/glog.podspec"
  hermes-engine:
    :podspec: "../node_modules/react-native/sdks/hermes-engine/hermes-engine.podspec"
  RCT-Folly:
    :podspec: "../node_modules/react-native/third-party-podspecs/RCT-Folly.podspec"
  RCTRequired:
    :path: "../node_modules/react-native/Libraries/RCTRequired"
  RCTTypeSafety:
    :path: "../node_modules/react-native/Libraries/TypeSafety"
  React:
    :path: "../node_modules/react-native/"
  React-callinvoker:
    :path: "../node_modules/react-native/ReactCommon/callinvoker"
  React-Codegen:
    :path: build/generated/ios
  React-Core:
    :path: "../node_modules/react-native/"
  React-CoreModules:
    :path: "../node_modules/react-native/React/CoreModules"
  React-cxxreact:
    :path: "../node_modules/react-native/ReactCommon/cxxreact"
  React-Fabric:
    :path: "../node_modules/react-native/ReactCommon"
  React-graphics:
    :path: "../node_modules/react-native/ReactCommon/react/renderer/graphics"
  React-hermes:
    :path: "../node_modules/react-native/ReactCommon/hermes"
  React-jsi:
    :path: "../node_modules/react-native/ReactCommon/jsi"
  React-jsiexecutor:
    :path: "../node_modules/react-native/ReactCommon/jsiexecutor"
  React-jsinspector:
    :path: "../node_modules/react-native/ReactCommon/jsinspector"
  React-logger:
    :path: "../node_modules/react-native/ReactCommon/logger"
  react-native-date-picker:
    :path: "../../.."
  React-perflogger:
    :path: "../node_modules/react-native/ReactCommon/reactperflogger"
  React-RCTActionSheet:
    :path: "../node_modules/react-native/Libraries/ActionSheetIOS"
  React-RCTAnimation:
    :path: "../node_modules/react-native/Libraries/NativeAnimation"
  React-RCTAppDelegate:
    :path: "../node_modules/react-native/Libraries/AppDelegate"
  React-RCTBlob:
    :path: "../node_modules/react-native/Libraries/Blob"
  React-RCTFabric:
    :path: "../node_modules/react-native/React"
  React-RCTImage:
    :path: "../node_modules/react-native/Libraries/Image"
  React-RCTLinking:
    :path: "../node_modules/react-native/Libraries/LinkingIOS"
  React-RCTNetwork:
    :path: "../node_modules/react-native/Libraries/Network"
  React-RCTSettings:
    :path: "../node_modules/react-native/Libraries/Settings"
  React-RCTText:
    :path: "../node_modules/react-native/Libraries/Text"
  React-RCTVibration:
    :path: "../node_modules/react-native/Libraries/Vibration"
  React-rncore:
    :path: "../node_modules/react-native/ReactCommon"
  React-runtimeexecutor:
    :path: "../node_modules/react-native/ReactCommon/runtimeexecutor"
  ReactCommon:
    :path: "../node_modules/react-native/ReactCommon"
  RNLocalize:
    :path: "../node_modules/react-native-localize"
  Yoga:
    :path: "../node_modules/react-native/ReactCommon/yoga"

SPEC CHECKSUMS:
  boost: 7dcd2de282d72e344012f7d6564d024930a6a440
  DoubleConversion: 5189b271737e1565bdce30deb4a08d647e3f5f54
  FBLazyVector: 038aa5ab388c9eec7a6a65b71596afd9ff99c949
  FBReactNativeSpec: 30fe19a0183c4b1788cdf3799c69de52a0ae35ef
  fmt: ff9d55029c625d3757ed641535fd4a75fedc7ce9
  glog: 04b94705f318337d7ead9e6d17c019bd9b1f6b1b
  hermes-engine: 1468b458e81705fcd55ed6e29c32ff069f04b69c
  libevent: 4049cae6c81cdb3654a443be001fb9bdceff7913
  RCT-Folly: 8dc08ca5a393b48b1c523ab6220dfdcc0fe000ad
  RCTRequired: 79b5f823c2b4b865451ba9ddb33c676786760ea8
  RCTTypeSafety: 4f6d5414413d8848923ccd448c4cef4b6ffcd403
  React: d277ab7d840987a460690fcbe979e9234785ad63
  React-callinvoker: 2d15c3bc682ef720a9a23428606aab643df74622
  React-Codegen: a64db237099dd102db4875f34c2b48c2c8f7dbfc
  React-Core: b3377c8a149f4943c02d089689fe9d88fb4ee98c
  React-CoreModules: 4865f456a432aefa5d0e86beefe29dd30699f2bc
  React-cxxreact: 9fafa416940b7c56048976b769d24476a6d43445
  React-Fabric: 58fa4d691ffd446662e0efd3a327326c1e8fc670
  React-graphics: 41ab5d6425fbe9745f0e1d000f9618f67fb61c0c
  React-hermes: 734ae2dc106c77af0f5170f1a687189055f86ee2
  React-jsi: 6ea37d7eb59ea5b8300aa634e490b08d762ba546
  React-jsiexecutor: ff40751c9fd087dc3dd2b18f5336081f2ee196e7
  React-jsinspector: e591d9ecb571456fc929ee10409d8847a442d6a7
  React-logger: e1edee51442163c77f9fdfb4b08c7169cfc22424
  react-native-date-picker: fa48c9690dfb22d0dd2d26c4a4f6eda5b455543d
  React-perflogger: 0ba097528e325435aca94b32b5330f58f6acb6fb
  React-RCTActionSheet: 805b3a83f3dd7ae5a1213ea9df0ed748eeb74b85
  React-RCTAnimation: 2a0233681dee47e468302b8233652b35b68329cb
  React-RCTAppDelegate: ef634efe88e7eaabcec6e83a88736c4b5203dc14
  React-RCTBlob: ebbc25c2cb443b95acdd978a587455fadd3be5e6
  React-RCTFabric: 6ef35bdc2c28465052eb6522efbe2dceee0ae784
  React-RCTImage: 015ce2b9d2ad78c24deee5c807d88574225974f3
  React-RCTLinking: 6dd57d2d99ecdf6ee016c5a742ed9b68cdc8680a
  React-RCTNetwork: f14e9681496cd394196c2417966769d10b45e674
  React-RCTSettings: ce9d4d7dda6ad00acb1460a1a3a286d7e4e950bd
  React-RCTText: 4cbca7004176dd0ed495afa60a3978acf040059d
  React-RCTVibration: 5b2bfab941e938ee5060acefdd7598077b394975
  React-rncore: f19a6d8099a69fade7f06adc64ac4c291b90655b
  React-runtimeexecutor: b9be1f58ce9a8b849cb8a37dd998f04ca97e3619
  ReactCommon: 9d5423a44441e73260000f780f209004e7a15678
  RNLocalize: 6fc6260a94ab806a7877ed5874f8cc5dcf195661
  Yoga: d4f5b037672e6b68ba484c7cf7fe6790122df792

PODFILE CHECKSUM: 7852a0449cf496cd94490eaad50269c995d2288d

COCOAPODS: 1.13.0
